
Microsoft Visual Studio Solution File, Format Version 12.00
# Visual Studio 14
VisualStudioVersion = 14.0.25420.1
MinimumVisualStudioVersion = 10.0.40219.1
Project("{2150E333-8FDC-42A3-9474-1A3956D46DE8}") = "Solution Items", "Solution Items", "{190E3A3D-733C-420D-A983-F1EE21FADE77}"
	ProjectSection(SolutionItems) = preProject
		Nuget\Snowplow.Tracker.PlatformExtensions.nuspec = Nuget\Snowplow.Tracker.PlatformExtensions.nuspec
	EndProjectSection
EndProject
Project("{FAE04EC0-301F-11D3-BF4B-00C04F79EFBC}") = "Snowplow.Tracker.PlatformExtensions", "Snowplow.Tracker.PlatformExtensions\Snowplow.Tracker.PlatformExtensions\Snowplow.Tracker.PlatformExtensions.csproj", "{A6FCEF44-D2BA-42C7-B3CB-13667BCD7B54}"
EndProject
Project("{FAE04EC0-301F-11D3-BF4B-00C04F79EFBC}") = "Snowplow.Tracker.PlatformExtensions.Abstractions", "Snowplow.Tracker.PlatformExtensions\Snowplow.Tracker.PlatformExtensions.Abstractions\Snowplow.Tracker.PlatformExtensions.Abstractions.csproj", "{6EDB0588-FFC5-4EF5-8A99-9E241D0F878D}"
EndProject
Project("{FAE04EC0-301F-11D3-BF4B-00C04F79EFBC}") = "Snowplow.Tracker.PlatformExtensions.Droid", "Snowplow.Tracker.PlatformExtensions\Snowplow.Tracker.PlatformExtensions.Droid\Snowplow.Tracker.PlatformExtensions.Droid.csproj", "{56A56F17-7DE1-4CA1-9617-BF32E971AC84}"
EndProject
Project("{FAE04EC0-301F-11D3-BF4B-00C04F79EFBC}") = "Snowplow.Tracker.PlatformExtensions.iOS", "Snowplow.Tracker.PlatformExtensions\Snowplow.Tracker.PlatformExtensions.iOS\Snowplow.Tracker.PlatformExtensions.iOS.csproj", "{2882AEEB-D4CD-4EB9-8A6C-6653B33681F0}"
EndProject
Project("{FAE04EC0-301F-11D3-BF4B-00C04F79EFBC}") = "Snowplow.Tracker.PlatformExtensions.Dotnet461", "Snowplow.Tracker.PlatformExtensions\Snowplow.Tracker.PlatformExtensions.Dotnet461\Snowplow.Tracker.PlatformExtensions.Dotnet461.csproj", "{B59AB863-7052-49D2-B888-CFCE02A0CFA2}"
EndProject
Project("{FAE04EC0-301F-11D3-BF4B-00C04F79EFBC}") = "DotnetTests", "Snowplow.Tracker.PlatformExtensions\DotnetTests\DotnetTests.csproj", "{83294DFB-A01E-4F05-89FF-EFEFFC91A07E}"
EndProject
Project("{8BB2217D-0F2D-49D1-97BC-3654ED321F3B}") = "Snowplow.Tracker", "Snowplow.Tracker\Snowplow.Tracker.xproj", "{BBAA3739-B066-4C37-A215-1502638C64BE}"
EndProject
Global
	GlobalSection(SolutionConfigurationPlatforms) = preSolution
		Debug|Any CPU = Debug|Any CPU
		Release|Any CPU = Release|Any CPU
	EndGlobalSection
	GlobalSection(ProjectConfigurationPlatforms) = postSolution
		{A6FCEF44-D2BA-42C7-B3CB-13667BCD7B54}.Debug|Any CPU.ActiveCfg = Debug|Any CPU
		{A6FCEF44-D2BA-42C7-B3CB-13667BCD7B54}.Debug|Any CPU.Build.0 = Debug|Any CPU
		{A6FCEF44-D2BA-42C7-B3CB-13667BCD7B54}.Release|Any CPU.ActiveCfg = Release|Any CPU
		{A6FCEF44-D2BA-42C7-B3CB-13667BCD7B54}.Release|Any CPU.Build.0 = Release|Any CPU
		{6EDB0588-FFC5-4EF5-8A99-9E241D0F878D}.Debug|Any CPU.ActiveCfg = Debug|Any CPU
		{6EDB0588-FFC5-4EF5-8A99-9E241D0F878D}.Debug|Any CPU.Build.0 = Debug|Any CPU
		{6EDB0588-FFC5-4EF5-8A99-9E241D0F878D}.Release|Any CPU.ActiveCfg = Release|Any CPU
		{6EDB0588-FFC5-4EF5-8A99-9E241D0F878D}.Release|Any CPU.Build.0 = Release|Any CPU
		{56A56F17-7DE1-4CA1-9617-BF32E971AC84}.Debug|Any CPU.ActiveCfg = Debug|Any CPU
		{56A56F17-7DE1-4CA1-9617-BF32E971AC84}.Debug|Any CPU.Build.0 = Debug|Any CPU
		{56A56F17-7DE1-4CA1-9617-BF32E971AC84}.Release|Any CPU.ActiveCfg = Release|Any CPU
		{56A56F17-7DE1-4CA1-9617-BF32E971AC84}.Release|Any CPU.Build.0 = Release|Any CPU
		{2882AEEB-D4CD-4EB9-8A6C-6653B33681F0}.Debug|Any CPU.ActiveCfg = Debug|Any CPU
		{2882AEEB-D4CD-4EB9-8A6C-6653B33681F0}.Debug|Any CPU.Build.0 = Debug|Any CPU
		{2882AEEB-D4CD-4EB9-8A6C-6653B33681F0}.Release|Any CPU.ActiveCfg = Release|Any CPU
		{2882AEEB-D4CD-4EB9-8A6C-6653B33681F0}.Release|Any CPU.Build.0 = Release|Any CPU
		{B59AB863-7052-49D2-B888-CFCE02A0CFA2}.Debug|Any CPU.ActiveCfg = Debug|Any CPU
		{B59AB863-7052-49D2-B888-CFCE02A0CFA2}.Debug|Any CPU.Build.0 = Debug|Any CPU
		{B59AB863-7052-49D2-B888-CFCE02A0CFA2}.Release|Any CPU.ActiveCfg = Release|Any CPU
		{B59AB863-7052-49D2-B888-CFCE02A0CFA2}.Release|Any CPU.Build.0 = Release|Any CPU
		{83294DFB-A01E-4F05-89FF-EFEFFC91A07E}.Debug|Any CPU.ActiveCfg = Debug|Any CPU
		{83294DFB-A01E-4F05-89FF-EFEFFC91A07E}.Debug|Any CPU.Build.0 = Debug|Any CPU
		{83294DFB-A01E-4F05-89FF-EFEFFC91A07E}.Release|Any CPU.ActiveCfg = Release|Any CPU
		{83294DFB-A01E-4F05-89FF-EFEFFC91A07E}.Release|Any CPU.Build.0 = Release|Any CPU
		{BBAA3739-B066-4C37-A215-1502638C64BE}.Debug|Any CPU.ActiveCfg = Debug|Any CPU
		{BBAA3739-B066-4C37-A215-1502638C64BE}.Debug|Any CPU.Build.0 = Debug|Any CPU
		{BBAA3739-B066-4C37-A215-1502638C64BE}.Release|Any CPU.ActiveCfg = Release|Any CPU
		{BBAA3739-B066-4C37-A215-1502638C64BE}.Release|Any CPU.Build.0 = Release|Any CPU
	EndGlobalSection
	GlobalSection(SolutionProperties) = preSolution
		HideSolutionNode = FALSE
	EndGlobalSection
EndGlobal
