
Microsoft Visual Studio Solution File, Format Version 12.00
# Visual Studio 14
VisualStudioVersion = 14.0.25420.1
MinimumVisualStudioVersion = 10.0.40219.1
Project("{8BB2217D-0F2D-49D1-97BC-3654ED321F3B}") = "Snowplow.Demo.Console", "Snowplow.Demo.Console\Snowplow.Demo.Console.xproj", "{18E64E32-6BA1-4A64-A195-828BF35CDED6}"
EndProject
Project("{8BB2217D-0F2D-49D1-97BC-3654ED321F3B}") = "Snowplow.Tracker", "Snowplow.Tracker\Snowplow.Tracker.xproj", "{BBAA3739-B066-4C37-A215-1502638C64BE}"
EndProject
Global
	GlobalSection(SolutionConfigurationPlatforms) = preSolution
		Debug|Any CPU = Debug|Any CPU
		Release|Any CPU = Release|Any CPU
	EndGlobalSection
	GlobalSection(ProjectConfigurationPlatforms) = postSolution
		{18E64E32-6BA1-4A64-A195-828BF35CDED6}.Debug|Any CPU.ActiveCfg = Debug|Any CPU
		{18E64E32-6BA1-4A64-A195-828BF35CDED6}.Debug|Any CPU.Build.0 = Debug|Any CPU
		{18E64E32-6BA1-4A64-A195-828BF35CDED6}.Release|Any CPU.ActiveCfg = Release|Any CPU
		{18E64E32-6BA1-4A64-A195-828BF35CDED6}.Release|Any CPU.Build.0 = Release|Any CPU
		{BBAA3739-B066-4C37-A215-1502638C64BE}.Debug|Any CPU.ActiveCfg = Debug|Any CPU
		{BBAA3739-B066-4C37-A215-1502638C64BE}.Debug|Any CPU.Build.0 = Debug|Any CPU
		{BBAA3739-B066-4C37-A215-1502638C64BE}.Release|Any CPU.ActiveCfg = Release|Any CPU
		{BBAA3739-B066-4C37-A215-1502638C64BE}.Release|Any CPU.Build.0 = Release|Any CPU
	EndGlobalSection
	GlobalSection(SolutionProperties) = preSolution
		HideSolutionNode = FALSE
	EndGlobalSection
EndGlobal
